
Microsoft Visual Studio Solution File, Format Version 12.00
# Visual Studio 15
VisualStudioVersion = 15.0.26228.48
MinimumVisualStudioVersion = 10.0.40219.1
Project("{FAE04EC0-301F-11D3-BF4B-00C04F79EFBC}") = "TS_AngularJS", "TS_AngularJS\TS_AngularJS.csproj", "{C167E8AE-7E7F-4709-8E0B-66A0125154A9}"
	ProjectSection(ProjectDependencies) = postProject
		{9799EAA3-B85F-4938-8F1D-9C6FCA58E2AF} = {9799EAA3-B85F-4938-8F1D-9C6FCA58E2AF}
	EndProjectSection
EndProject
Project("{FAE04EC0-301F-11D3-BF4B-00C04F79EFBC}") = "TS_AngularJS.BridgeConversion", "TS_AngularJS.BridgeConversion\TS_AngularJS.BridgeConversion.csproj", "{9799EAA3-B85F-4938-8F1D-9C6FCA58E2AF}"
EndProject
Global
	GlobalSection(SolutionConfigurationPlatforms) = preSolution
		Debug|Any CPU = Debug|Any CPU
		Release|Any CPU = Release|Any CPU
	EndGlobalSection
	GlobalSection(ProjectConfigurationPlatforms) = postSolution
		{C167E8AE-7E7F-4709-8E0B-66A0125154A9}.Debug|Any CPU.ActiveCfg = Debug|Any CPU
		{C167E8AE-7E7F-4709-8E0B-66A0125154A9}.Debug|Any CPU.Build.0 = Debug|Any CPU
		{C167E8AE-7E7F-4709-8E0B-66A0125154A9}.Release|Any CPU.ActiveCfg = Release|Any CPU
		{C167E8AE-7E7F-4709-8E0B-66A0125154A9}.Release|Any CPU.Build.0 = Release|Any CPU
		{9799EAA3-B85F-4938-8F1D-9C6FCA58E2AF}.Debug|Any CPU.ActiveCfg = Debug|Any CPU
		{9799EAA3-B85F-4938-8F1D-9C6FCA58E2AF}.Debug|Any CPU.Build.0 = Debug|Any CPU
		{9799EAA3-B85F-4938-8F1D-9C6FCA58E2AF}.Release|Any CPU.ActiveCfg = Release|Any CPU
		{9799EAA3-B85F-4938-8F1D-9C6FCA58E2AF}.Release|Any CPU.Build.0 = Release|Any CPU
	EndGlobalSection
	GlobalSection(SolutionProperties) = preSolution
		HideSolutionNode = FALSE
	EndGlobalSection
EndGlobal
